
Microsoft Visual Studio Solution File, Format Version 12.00
# Visual Studio 2012
Project("{FAE04EC0-301F-11D3-BF4B-00C04F79EFBC}") = "Disentanglement.Android", "Disentanglement.Android\Disentanglement.Android.csproj", "{F340D4E7-A3DC-4CD1-B61B-46B0065D9C72}"
EndProject
Project("{FAE04EC0-301F-11D3-BF4B-00C04F79EFBC}") = "Lidgren.Network.Android", "..\..\Development\CartBlanche\MonoGame\ThirdParty\Lidgren.Network\Lidgren.Network.Android.csproj", "{565129E0-4EE5-4F6F-B403-C3484C9740BE}"
EndProject
Project("{FAE04EC0-301F-11D3-BF4B-00C04F79EFBC}") = "MonoGame.Framework.Android", "..\..\Development\CartBlanche\MonoGame\MonoGame.Framework\MonoGame.Framework.Android.csproj", "{BA9476CF-99BA-4D03-92F2-73D2C5E58883}"
EndProject
Project("{FAE04EC0-301F-11D3-BF4B-00C04F79EFBC}") = "DisentanglementPortable.Android", "DisentanglementPortable\DisentanglementPortable.Android.csproj", "{8F63FF9B-FDF9-47AF-A8E1-61632ADC13EA}"
EndProject
Global
	GlobalSection(SolutionConfigurationPlatforms) = preSolution
		Debug|Any CPU = Debug|Any CPU
		Release|Any CPU = Release|Any CPU
	EndGlobalSection
	GlobalSection(ProjectConfigurationPlatforms) = postSolution
		{F340D4E7-A3DC-4CD1-B61B-46B0065D9C72}.Debug|Any CPU.ActiveCfg = Debug|Any CPU
		{F340D4E7-A3DC-4CD1-B61B-46B0065D9C72}.Debug|Any CPU.Build.0 = Debug|Any CPU
		{F340D4E7-A3DC-4CD1-B61B-46B0065D9C72}.Debug|Any CPU.Deploy.0 = Debug|Any CPU
		{F340D4E7-A3DC-4CD1-B61B-46B0065D9C72}.Release|Any CPU.ActiveCfg = Release|Any CPU
		{F340D4E7-A3DC-4CD1-B61B-46B0065D9C72}.Release|Any CPU.Build.0 = Release|Any CPU
		{565129E0-4EE5-4F6F-B403-C3484C9740BE}.Debug|Any CPU.ActiveCfg = Debug|Any CPU
		{565129E0-4EE5-4F6F-B403-C3484C9740BE}.Debug|Any CPU.Build.0 = Debug|Any CPU
		{565129E0-4EE5-4F6F-B403-C3484C9740BE}.Release|Any CPU.ActiveCfg = Release|Any CPU
		{565129E0-4EE5-4F6F-B403-C3484C9740BE}.Release|Any CPU.Build.0 = Release|Any CPU
		{BA9476CF-99BA-4D03-92F2-73D2C5E58883}.Debug|Any CPU.ActiveCfg = Debug|Any CPU
		{BA9476CF-99BA-4D03-92F2-73D2C5E58883}.Debug|Any CPU.Build.0 = Debug|Any CPU
		{BA9476CF-99BA-4D03-92F2-73D2C5E58883}.Release|Any CPU.ActiveCfg = Release|Any CPU
		{BA9476CF-99BA-4D03-92F2-73D2C5E58883}.Release|Any CPU.Build.0 = Release|Any CPU
		{8F63FF9B-FDF9-47AF-A8E1-61632ADC13EA}.Debug|Any CPU.ActiveCfg = Debug|Any CPU
		{8F63FF9B-FDF9-47AF-A8E1-61632ADC13EA}.Debug|Any CPU.Build.0 = Debug|Any CPU
		{8F63FF9B-FDF9-47AF-A8E1-61632ADC13EA}.Release|Any CPU.ActiveCfg = Release|Any CPU
		{8F63FF9B-FDF9-47AF-A8E1-61632ADC13EA}.Release|Any CPU.Build.0 = Release|Any CPU
	EndGlobalSection
	GlobalSection(SolutionProperties) = preSolution
		HideSolutionNode = FALSE
	EndGlobalSection
	GlobalSection(MonoDevelopProperties) = preSolution
		StartupItem = Disentanglement.Android\Disentanglement.Android.csproj
	EndGlobalSection
EndGlobal
