
Microsoft Visual Studio Solution File, Format Version 12.00
# Visual Studio 2012
Project("{FAE04EC0-301F-11D3-BF4B-00C04F79EFBC}") = "Lidgren.Network.iOS", "..\..\Development\CartBlanche\MonoGame\ThirdParty\Lidgren.Network\Lidgren.Network.iOS.csproj", "{734EAA48-F1CA-481A-B391-0285BC0E8B40}"
EndProject
Project("{FAE04EC0-301F-11D3-BF4B-00C04F79EFBC}") = "Disentanglement.iOS", "Disentanglement.iOS\Disentanglement.iOS.csproj", "{F84AAB36-CDFE-40CA-9CF3-8CD98DA5F37A}"
EndProject
Project("{FAE04EC0-301F-11D3-BF4B-00C04F79EFBC}") = "MonoGame.Framework.iOS", "..\..\Development\CartBlanche\MonoGame\MonoGame.Framework\MonoGame.Framework.iOS.csproj", "{DB8508BB-9849-4CC2-BC0F-8EB5DACB3C47}"
EndProject
Project("{FAE04EC0-301F-11D3-BF4B-00C04F79EFBC}") = "DisentanglementPortable.iOS", "DisentanglementPortable\DisentanglementPortable.iOS.csproj", "{CC8AB58F-90FB-48A8-8E04-F0CC1C8686A7}"
EndProject
Global
	GlobalSection(SolutionConfigurationPlatforms) = preSolution
		Ad-Hoc|Any CPU = Ad-Hoc|Any CPU
		Ad-Hoc|iPhone = Ad-Hoc|iPhone
		Ad-Hoc|iPhoneSimulator = Ad-Hoc|iPhoneSimulator
		Ad-Hoc|Mixed Platforms = Ad-Hoc|Mixed Platforms
		AppStore|Any CPU = AppStore|Any CPU
		AppStore|iPhone = AppStore|iPhone
		AppStore|iPhoneSimulator = AppStore|iPhoneSimulator
		AppStore|Mixed Platforms = AppStore|Mixed Platforms
		Debug|Any CPU = Debug|Any CPU
		Debug|iPhone = Debug|iPhone
		Debug|iPhoneSimulator = Debug|iPhoneSimulator
		Debug|Mixed Platforms = Debug|Mixed Platforms
		Release|Any CPU = Release|Any CPU
		Release|iPhone = Release|iPhone
		Release|iPhoneSimulator = Release|iPhoneSimulator
		Release|Mixed Platforms = Release|Mixed Platforms
	EndGlobalSection
	GlobalSection(ProjectConfigurationPlatforms) = postSolution
		{734EAA48-F1CA-481A-B391-0285BC0E8B40}.Ad-Hoc|Any CPU.ActiveCfg = Release|Any CPU
		{734EAA48-F1CA-481A-B391-0285BC0E8B40}.Ad-Hoc|Any CPU.Build.0 = Release|Any CPU
		{734EAA48-F1CA-481A-B391-0285BC0E8B40}.Ad-Hoc|iPhone.ActiveCfg = Release|Any CPU
		{734EAA48-F1CA-481A-B391-0285BC0E8B40}.Ad-Hoc|iPhoneSimulator.ActiveCfg = Release|Any CPU
		{734EAA48-F1CA-481A-B391-0285BC0E8B40}.Ad-Hoc|Mixed Platforms.ActiveCfg = Release|Any CPU
		{734EAA48-F1CA-481A-B391-0285BC0E8B40}.Ad-Hoc|Mixed Platforms.Build.0 = Release|Any CPU
		{734EAA48-F1CA-481A-B391-0285BC0E8B40}.AppStore|Any CPU.ActiveCfg = Release|Any CPU
		{734EAA48-F1CA-481A-B391-0285BC0E8B40}.AppStore|Any CPU.Build.0 = Release|Any CPU
		{734EAA48-F1CA-481A-B391-0285BC0E8B40}.AppStore|iPhone.ActiveCfg = Release|Any CPU
		{734EAA48-F1CA-481A-B391-0285BC0E8B40}.AppStore|iPhoneSimulator.ActiveCfg = Release|Any CPU
		{734EAA48-F1CA-481A-B391-0285BC0E8B40}.AppStore|Mixed Platforms.ActiveCfg = Release|Any CPU
		{734EAA48-F1CA-481A-B391-0285BC0E8B40}.AppStore|Mixed Platforms.Build.0 = Release|Any CPU
		{734EAA48-F1CA-481A-B391-0285BC0E8B40}.Debug|Any CPU.ActiveCfg = Debug|Any CPU
		{734EAA48-F1CA-481A-B391-0285BC0E8B40}.Debug|Any CPU.Build.0 = Debug|Any CPU
		{734EAA48-F1CA-481A-B391-0285BC0E8B40}.Debug|iPhone.ActiveCfg = Debug|Any CPU
		{734EAA48-F1CA-481A-B391-0285BC0E8B40}.Debug|iPhoneSimulator.ActiveCfg = Debug|Any CPU
		{734EAA48-F1CA-481A-B391-0285BC0E8B40}.Debug|Mixed Platforms.ActiveCfg = Debug|Any CPU
		{734EAA48-F1CA-481A-B391-0285BC0E8B40}.Debug|Mixed Platforms.Build.0 = Debug|Any CPU
		{734EAA48-F1CA-481A-B391-0285BC0E8B40}.Release|Any CPU.ActiveCfg = Release|Any CPU
		{734EAA48-F1CA-481A-B391-0285BC0E8B40}.Release|Any CPU.Build.0 = Release|Any CPU
		{734EAA48-F1CA-481A-B391-0285BC0E8B40}.Release|iPhone.ActiveCfg = Release|Any CPU
		{734EAA48-F1CA-481A-B391-0285BC0E8B40}.Release|iPhoneSimulator.ActiveCfg = Release|Any CPU
		{734EAA48-F1CA-481A-B391-0285BC0E8B40}.Release|Mixed Platforms.ActiveCfg = Release|Any CPU
		{734EAA48-F1CA-481A-B391-0285BC0E8B40}.Release|Mixed Platforms.Build.0 = Release|Any CPU
		{CC8AB58F-90FB-48A8-8E04-F0CC1C8686A7}.Ad-Hoc|Any CPU.ActiveCfg = Release|Any CPU
		{CC8AB58F-90FB-48A8-8E04-F0CC1C8686A7}.Ad-Hoc|Any CPU.Build.0 = Release|Any CPU
		{CC8AB58F-90FB-48A8-8E04-F0CC1C8686A7}.Ad-Hoc|iPhone.ActiveCfg = Release|Any CPU
		{CC8AB58F-90FB-48A8-8E04-F0CC1C8686A7}.Ad-Hoc|iPhone.Build.0 = Release|Any CPU
		{CC8AB58F-90FB-48A8-8E04-F0CC1C8686A7}.Ad-Hoc|iPhoneSimulator.ActiveCfg = Release|Any CPU
		{CC8AB58F-90FB-48A8-8E04-F0CC1C8686A7}.Ad-Hoc|iPhoneSimulator.Build.0 = Release|Any CPU
		{CC8AB58F-90FB-48A8-8E04-F0CC1C8686A7}.Ad-Hoc|Mixed Platforms.ActiveCfg = Release|Any CPU
		{CC8AB58F-90FB-48A8-8E04-F0CC1C8686A7}.Ad-Hoc|Mixed Platforms.Build.0 = Release|Any CPU
		{CC8AB58F-90FB-48A8-8E04-F0CC1C8686A7}.AppStore|Any CPU.ActiveCfg = Release|Any CPU
		{CC8AB58F-90FB-48A8-8E04-F0CC1C8686A7}.AppStore|Any CPU.Build.0 = Release|Any CPU
		{CC8AB58F-90FB-48A8-8E04-F0CC1C8686A7}.AppStore|iPhone.ActiveCfg = Release|Any CPU
		{CC8AB58F-90FB-48A8-8E04-F0CC1C8686A7}.AppStore|iPhone.Build.0 = Release|Any CPU
		{CC8AB58F-90FB-48A8-8E04-F0CC1C8686A7}.AppStore|iPhoneSimulator.ActiveCfg = Release|Any CPU
		{CC8AB58F-90FB-48A8-8E04-F0CC1C8686A7}.AppStore|iPhoneSimulator.Build.0 = Release|Any CPU
		{CC8AB58F-90FB-48A8-8E04-F0CC1C8686A7}.AppStore|Mixed Platforms.ActiveCfg = Release|Any CPU
		{CC8AB58F-90FB-48A8-8E04-F0CC1C8686A7}.AppStore|Mixed Platforms.Build.0 = Release|Any CPU
		{CC8AB58F-90FB-48A8-8E04-F0CC1C8686A7}.Debug|Any CPU.ActiveCfg = Debug|Any CPU
		{CC8AB58F-90FB-48A8-8E04-F0CC1C8686A7}.Debug|Any CPU.Build.0 = Debug|Any CPU
		{CC8AB58F-90FB-48A8-8E04-F0CC1C8686A7}.Debug|iPhone.ActiveCfg = Debug|Any CPU
		{CC8AB58F-90FB-48A8-8E04-F0CC1C8686A7}.Debug|iPhone.Build.0 = Debug|Any CPU
		{CC8AB58F-90FB-48A8-8E04-F0CC1C8686A7}.Debug|iPhoneSimulator.ActiveCfg = Debug|Any CPU
		{CC8AB58F-90FB-48A8-8E04-F0CC1C8686A7}.Debug|iPhoneSimulator.Build.0 = Debug|Any CPU
		{CC8AB58F-90FB-48A8-8E04-F0CC1C8686A7}.Debug|Mixed Platforms.ActiveCfg = Debug|Any CPU
		{CC8AB58F-90FB-48A8-8E04-F0CC1C8686A7}.Debug|Mixed Platforms.Build.0 = Debug|Any CPU
		{CC8AB58F-90FB-48A8-8E04-F0CC1C8686A7}.Release|Any CPU.ActiveCfg = Release|Any CPU
		{CC8AB58F-90FB-48A8-8E04-F0CC1C8686A7}.Release|Any CPU.Build.0 = Release|Any CPU
		{CC8AB58F-90FB-48A8-8E04-F0CC1C8686A7}.Release|iPhone.ActiveCfg = Release|Any CPU
		{CC8AB58F-90FB-48A8-8E04-F0CC1C8686A7}.Release|iPhone.Build.0 = Release|Any CPU
		{CC8AB58F-90FB-48A8-8E04-F0CC1C8686A7}.Release|iPhoneSimulator.ActiveCfg = Release|Any CPU
		{CC8AB58F-90FB-48A8-8E04-F0CC1C8686A7}.Release|iPhoneSimulator.Build.0 = Release|Any CPU
		{CC8AB58F-90FB-48A8-8E04-F0CC1C8686A7}.Release|Mixed Platforms.ActiveCfg = Release|Any CPU
		{CC8AB58F-90FB-48A8-8E04-F0CC1C8686A7}.Release|Mixed Platforms.Build.0 = Release|Any CPU
		{DB8508BB-9849-4CC2-BC0F-8EB5DACB3C47}.Ad-Hoc|Any CPU.ActiveCfg = Debug|iPhoneSimulator
		{DB8508BB-9849-4CC2-BC0F-8EB5DACB3C47}.Ad-Hoc|Any CPU.Build.0 = Debug|iPhoneSimulator
		{DB8508BB-9849-4CC2-BC0F-8EB5DACB3C47}.Ad-Hoc|iPhone.ActiveCfg = Debug|iPhone
		{DB8508BB-9849-4CC2-BC0F-8EB5DACB3C47}.Ad-Hoc|iPhone.Build.0 = Debug|iPhone
		{DB8508BB-9849-4CC2-BC0F-8EB5DACB3C47}.Ad-Hoc|iPhoneSimulator.ActiveCfg = Debug|iPhoneSimulator
		{DB8508BB-9849-4CC2-BC0F-8EB5DACB3C47}.Ad-Hoc|iPhoneSimulator.Build.0 = Debug|iPhoneSimulator
		{DB8508BB-9849-4CC2-BC0F-8EB5DACB3C47}.Ad-Hoc|Mixed Platforms.ActiveCfg = Debug|iPhoneSimulator
		{DB8508BB-9849-4CC2-BC0F-8EB5DACB3C47}.Ad-Hoc|Mixed Platforms.Build.0 = Debug|iPhoneSimulator
		{DB8508BB-9849-4CC2-BC0F-8EB5DACB3C47}.AppStore|Any CPU.ActiveCfg = Debug|iPhoneSimulator
		{DB8508BB-9849-4CC2-BC0F-8EB5DACB3C47}.AppStore|Any CPU.Build.0 = Debug|iPhoneSimulator
		{DB8508BB-9849-4CC2-BC0F-8EB5DACB3C47}.AppStore|iPhone.ActiveCfg = Debug|iPhone
		{DB8508BB-9849-4CC2-BC0F-8EB5DACB3C47}.AppStore|iPhone.Build.0 = Debug|iPhone
		{DB8508BB-9849-4CC2-BC0F-8EB5DACB3C47}.AppStore|iPhoneSimulator.ActiveCfg = Debug|iPhoneSimulator
		{DB8508BB-9849-4CC2-BC0F-8EB5DACB3C47}.AppStore|iPhoneSimulator.Build.0 = Debug|iPhoneSimulator
		{DB8508BB-9849-4CC2-BC0F-8EB5DACB3C47}.AppStore|Mixed Platforms.ActiveCfg = Debug|iPhoneSimulator
		{DB8508BB-9849-4CC2-BC0F-8EB5DACB3C47}.AppStore|Mixed Platforms.Build.0 = Debug|iPhoneSimulator
		{DB8508BB-9849-4CC2-BC0F-8EB5DACB3C47}.Debug|Any CPU.ActiveCfg = Debug|iPhoneSimulator
		{DB8508BB-9849-4CC2-BC0F-8EB5DACB3C47}.Debug|Any CPU.Build.0 = Debug|iPhoneSimulator
		{DB8508BB-9849-4CC2-BC0F-8EB5DACB3C47}.Debug|iPhone.ActiveCfg = Debug|iPhone
		{DB8508BB-9849-4CC2-BC0F-8EB5DACB3C47}.Debug|iPhone.Build.0 = Debug|iPhone
		{DB8508BB-9849-4CC2-BC0F-8EB5DACB3C47}.Debug|iPhoneSimulator.ActiveCfg = Debug|iPhoneSimulator
		{DB8508BB-9849-4CC2-BC0F-8EB5DACB3C47}.Debug|iPhoneSimulator.Build.0 = Debug|iPhoneSimulator
		{DB8508BB-9849-4CC2-BC0F-8EB5DACB3C47}.Debug|Mixed Platforms.ActiveCfg = Debug|iPhoneSimulator
		{DB8508BB-9849-4CC2-BC0F-8EB5DACB3C47}.Debug|Mixed Platforms.Build.0 = Debug|iPhoneSimulator
		{DB8508BB-9849-4CC2-BC0F-8EB5DACB3C47}.Release|Any CPU.ActiveCfg = Release|iPhoneSimulator
		{DB8508BB-9849-4CC2-BC0F-8EB5DACB3C47}.Release|Any CPU.Build.0 = Release|iPhoneSimulator
		{DB8508BB-9849-4CC2-BC0F-8EB5DACB3C47}.Release|iPhone.ActiveCfg = Release|iPhone
		{DB8508BB-9849-4CC2-BC0F-8EB5DACB3C47}.Release|iPhone.Build.0 = Release|iPhone
		{DB8508BB-9849-4CC2-BC0F-8EB5DACB3C47}.Release|iPhoneSimulator.ActiveCfg = Release|iPhoneSimulator
		{DB8508BB-9849-4CC2-BC0F-8EB5DACB3C47}.Release|iPhoneSimulator.Build.0 = Release|iPhoneSimulator
		{DB8508BB-9849-4CC2-BC0F-8EB5DACB3C47}.Release|Mixed Platforms.ActiveCfg = Release|iPhoneSimulator
		{DB8508BB-9849-4CC2-BC0F-8EB5DACB3C47}.Release|Mixed Platforms.Build.0 = Release|iPhoneSimulator
		{F84AAB36-CDFE-40CA-9CF3-8CD98DA5F37A}.Ad-Hoc|Any CPU.ActiveCfg = Ad-Hoc|iPhone
		{F84AAB36-CDFE-40CA-9CF3-8CD98DA5F37A}.Ad-Hoc|Any CPU.Build.0 = Ad-Hoc|iPhone
		{F84AAB36-CDFE-40CA-9CF3-8CD98DA5F37A}.Ad-Hoc|iPhone.ActiveCfg = Ad-Hoc|iPhone
		{F84AAB36-CDFE-40CA-9CF3-8CD98DA5F37A}.Ad-Hoc|iPhone.Build.0 = Ad-Hoc|iPhone
		{F84AAB36-CDFE-40CA-9CF3-8CD98DA5F37A}.Ad-Hoc|iPhoneSimulator.ActiveCfg = Debug|iPhoneSimulator
		{F84AAB36-CDFE-40CA-9CF3-8CD98DA5F37A}.Ad-Hoc|iPhoneSimulator.Build.0 = Debug|iPhoneSimulator
		{F84AAB36-CDFE-40CA-9CF3-8CD98DA5F37A}.Ad-Hoc|Mixed Platforms.ActiveCfg = Ad-Hoc|iPhone
		{F84AAB36-CDFE-40CA-9CF3-8CD98DA5F37A}.Ad-Hoc|Mixed Platforms.Build.0 = Ad-Hoc|iPhone
		{F84AAB36-CDFE-40CA-9CF3-8CD98DA5F37A}.AppStore|Any CPU.ActiveCfg = AppStore|iPhone
		{F84AAB36-CDFE-40CA-9CF3-8CD98DA5F37A}.AppStore|Any CPU.Build.0 = AppStore|iPhone
		{F84AAB36-CDFE-40CA-9CF3-8CD98DA5F37A}.AppStore|iPhone.ActiveCfg = AppStore|iPhone
		{F84AAB36-CDFE-40CA-9CF3-8CD98DA5F37A}.AppStore|iPhone.Build.0 = AppStore|iPhone
		{F84AAB36-CDFE-40CA-9CF3-8CD98DA5F37A}.AppStore|iPhoneSimulator.ActiveCfg = Debug|iPhoneSimulator
		{F84AAB36-CDFE-40CA-9CF3-8CD98DA5F37A}.AppStore|iPhoneSimulator.Build.0 = Debug|iPhoneSimulator
		{F84AAB36-CDFE-40CA-9CF3-8CD98DA5F37A}.AppStore|Mixed Platforms.ActiveCfg = AppStore|iPhone
		{F84AAB36-CDFE-40CA-9CF3-8CD98DA5F37A}.AppStore|Mixed Platforms.Build.0 = AppStore|iPhone
		{F84AAB36-CDFE-40CA-9CF3-8CD98DA5F37A}.Debug|Any CPU.ActiveCfg = Debug|iPhoneSimulator
		{F84AAB36-CDFE-40CA-9CF3-8CD98DA5F37A}.Debug|Any CPU.Build.0 = Debug|iPhoneSimulator
		{F84AAB36-CDFE-40CA-9CF3-8CD98DA5F37A}.Debug|iPhone.ActiveCfg = Debug|iPhone
		{F84AAB36-CDFE-40CA-9CF3-8CD98DA5F37A}.Debug|iPhone.Build.0 = Debug|iPhone
		{F84AAB36-CDFE-40CA-9CF3-8CD98DA5F37A}.Debug|iPhoneSimulator.ActiveCfg = Debug|iPhoneSimulator
		{F84AAB36-CDFE-40CA-9CF3-8CD98DA5F37A}.Debug|iPhoneSimulator.Build.0 = Debug|iPhoneSimulator
		{F84AAB36-CDFE-40CA-9CF3-8CD98DA5F37A}.Debug|Mixed Platforms.ActiveCfg = Debug|iPhoneSimulator
		{F84AAB36-CDFE-40CA-9CF3-8CD98DA5F37A}.Debug|Mixed Platforms.Build.0 = Debug|iPhoneSimulator
		{F84AAB36-CDFE-40CA-9CF3-8CD98DA5F37A}.Release|Any CPU.ActiveCfg = Release|iPhoneSimulator
		{F84AAB36-CDFE-40CA-9CF3-8CD98DA5F37A}.Release|Any CPU.Build.0 = Release|iPhoneSimulator
		{F84AAB36-CDFE-40CA-9CF3-8CD98DA5F37A}.Release|iPhone.ActiveCfg = Release|iPhone
		{F84AAB36-CDFE-40CA-9CF3-8CD98DA5F37A}.Release|iPhone.Build.0 = Release|iPhone
		{F84AAB36-CDFE-40CA-9CF3-8CD98DA5F37A}.Release|iPhoneSimulator.ActiveCfg = Release|iPhoneSimulator
		{F84AAB36-CDFE-40CA-9CF3-8CD98DA5F37A}.Release|iPhoneSimulator.Build.0 = Release|iPhoneSimulator
		{F84AAB36-CDFE-40CA-9CF3-8CD98DA5F37A}.Release|Mixed Platforms.ActiveCfg = Release|iPhoneSimulator
		{F84AAB36-CDFE-40CA-9CF3-8CD98DA5F37A}.Release|Mixed Platforms.Build.0 = Release|iPhoneSimulator
	EndGlobalSection
	GlobalSection(MonoDevelopProperties) = preSolution
		StartupItem = Disentanglement.iOS\Disentanglement.iOS.csproj
	EndGlobalSection
	GlobalSection(SolutionProperties) = preSolution
		HideSolutionNode = FALSE
	EndGlobalSection
EndGlobal
